
Microsoft Visual Studio Solution File, Format Version 12.00
# Visual Studio Version 17
VisualStudioVersion = 17.11.35312.102
MinimumVisualStudioVersion = 10.0.40219.1
Project("{FAE04EC0-301F-11D3-BF4B-00C04F79EFBC}") = "DBFirstapproach(CarEngine)Practice", "DBFirstapproach(CarEngine)Practice\DBFirstapproach(CarEngine)Practice.csproj", "{FF657D01-035E-44BC-860D-F5C472104B30}"
EndProject
Global
	GlobalSection(SolutionConfigurationPlatforms) = preSolution
		Debug|Any CPU = Debug|Any CPU
		Release|Any CPU = Release|Any CPU
	EndGlobalSection
	GlobalSection(ProjectConfigurationPlatforms) = postSolution
		{FF657D01-035E-44BC-860D-F5C472104B30}.Debug|Any CPU.ActiveCfg = Debug|Any CPU
		{FF657D01-035E-44BC-860D-F5C472104B30}.Debug|Any CPU.Build.0 = Debug|Any CPU
		{FF657D01-035E-44BC-860D-F5C472104B30}.Release|Any CPU.ActiveCfg = Release|Any CPU
		{FF657D01-035E-44BC-860D-F5C472104B30}.Release|Any CPU.Build.0 = Release|Any CPU
	EndGlobalSection
	GlobalSection(SolutionProperties) = preSolution
		HideSolutionNode = FALSE
	EndGlobalSection
	GlobalSection(ExtensibilityGlobals) = postSolution
		SolutionGuid = {1458429A-2C08-4657-ABC7-5D1BB6472DD8}
	EndGlobalSection
EndGlobal
